{
  "version": 4,
  "terraform_version": "1.5.7",
  "serial": 24,
  "lineage": "740c896e-9033-83a6-fd77-81a8b383efb4",
  "outputs": {},
  "resources": [
    {
      "mode": "managed",
      "type": "google_compute_instance",
      "name": "project_webserver",
      "provider": "provider[\"registry.terraform.io/hashicorp/google\"]",
      "instances": [
        {
          "schema_version": 6,
          "attributes": {
            "advanced_machine_features": [],
            "allow_stopping_for_update": null,
            "attached_disk": [],
            "boot_disk": [
              {
                "auto_delete": true,
                "device_name": "persistent-disk-0",
                "disk_encryption_key_raw": "",
                "disk_encryption_key_sha256": "",
                "initialize_params": [
                  {
                    "image": "https://www.googleapis.com/compute/v1/projects/debian-cloud/global/images/debian-11-bullseye-v20231010",
                    "labels": {},
                    "size": 10,
                    "type": "pd-standard"
                  }
                ],
                "kms_key_self_link": "",
                "mode": "READ_WRITE",
                "source": "https://www.googleapis.com/compute/v1/projects/omega-presence-402013/zones/northamerica-northeast2-a/disks/infrabundle-webserver"
              }
            ],
            "can_ip_forward": false,
            "confidential_instance_config": [],
            "cpu_platform": "Intel Broadwell",
            "current_status": "RUNNING",
            "deletion_protection": false,
            "description": "",
            "desired_status": null,
            "enable_display": false,
            "guest_accelerator": [],
            "hostname": "",
            "id": "projects/omega-presence-402013/zones/northamerica-northeast2-a/instances/infrabundle-webserver",
            "instance_id": "5796382372841021419",
            "label_fingerprint": "42WmSpB8rSM=",
            "labels": {},
            "machine_type": "e2-micro",
            "metadata": {
              "ssh-keys": "admin:ssh-rsa AAAAB3NzaC1yc2EAAAADAQABAAABgQC41KfZoi/Q3AfWuVSA4KLEP/qntK3FTZK7LpqhhKpAy1WseYjB+yERhz/zGd3bDpvLP4C3EA3SVMiI/X9hetWp1FfYrikpHbZucHkkKarlc1aTcXDFuAXHBmiSSaAAXwZotfs2HRHdxdJkJXBFmDOTm/v7upXEPiqiXvaUGFYdywxQzev7am4AJrKtiWOA/gZLp2d/d3jsogyWDW39WiUGcFZu6mrpqTdxeH767MBkDQxZ4vVKPaRAVBMrvfoKsGlujKluiKJCk43VXFETFSnQMJG5oQJgpGsu04lUu/ycQ/kaTot2Uh2HovjFJVaWv1KG0srRGj9HuC67pEPnqzHAKBt+H59xX8SXELfAv0SHoXmcyvnlqxxajB6DM2Lddx1c9Xu91t7NmITkWrS6tUfrBUkrziJ4z24d8isPeI+SoDMwr7Pa/WykzA61ZmClKkinC2F1zxFCzdqfypP1kyMVSj695WpzQPFqyooTYQJ534EOnwLyvZYqDWfqiWm2iCE= runner@fv-az1250-288\n"
            },
            "metadata_fingerprint": "r1loSS6xedI=",
            "metadata_startup_script": null,
            "min_cpu_platform": "",
            "name": "infrabundle-webserver",
            "network_interface": [
              {
                "access_config": [
                  {
                    "nat_ip": "34.130.133.119",
                    "network_tier": "PREMIUM",
                    "public_ptr_domain_name": ""
                  }
                ],
                "alias_ip_range": [],
                "ipv6_access_config": [],
                "ipv6_access_type": "",
                "name": "nic0",
                "network": "https://www.googleapis.com/compute/v1/projects/omega-presence-402013/global/networks/infrabundle-vpc",
                "network_ip": "10.0.1.3",
                "nic_type": "",
                "queue_count": 0,
                "stack_type": "IPV4_ONLY",
                "subnetwork": "https://www.googleapis.com/compute/v1/projects/omega-presence-402013/regions/northamerica-northeast2/subnetworks/infrabundle-pub-subnet",
                "subnetwork_project": "omega-presence-402013"
              }
            ],
            "project": "omega-presence-402013",
            "reservation_affinity": [],
            "resource_policies": [],
            "scheduling": [
              {
                "automatic_restart": true,
                "instance_termination_action": "",
                "min_node_cpus": 0,
                "node_affinities": [],
                "on_host_maintenance": "MIGRATE",
                "preemptible": false,
                "provisioning_model": "STANDARD"
              }
            ],
            "scratch_disk": [],
            "self_link": "https://www.googleapis.com/compute/v1/projects/omega-presence-402013/zones/northamerica-northeast2-a/instances/infrabundle-webserver",
            "service_account": [],
            "shielded_instance_config": [
              {
                "enable_integrity_monitoring": true,
                "enable_secure_boot": false,
                "enable_vtpm": true
              }
            ],
            "tags": [],
            "tags_fingerprint": "42WmSpB8rSM=",
            "timeouts": null,
            "zone": "northamerica-northeast2-a"
          },
          "sensitive_attributes": [],
          "private": "eyJlMmJmYjczMC1lY2FhLTExZTYtOGY4OC0zNDM2M2JjN2M0YzAiOnsiY3JlYXRlIjoxMjAwMDAwMDAwMDAwLCJkZWxldGUiOjEyMDAwMDAwMDAwMDAsInVwZGF0ZSI6MTIwMDAwMDAwMDAwMH0sInNjaGVtYV92ZXJzaW9uIjoiNiJ9",
          "dependencies": [
            "google_compute_network.project_vpc",
            "google_compute_subnetwork.project_subnet"
          ]
        }
      ]
    },
    {
      "mode": "managed",
      "type": "google_compute_network",
      "name": "project_vpc",
      "provider": "provider[\"registry.terraform.io/hashicorp/google\"]",
      "instances": [
        {
          "schema_version": 0,
          "attributes": {
            "auto_create_subnetworks": false,
            "delete_default_routes_on_create": false,
            "description": "",
            "enable_ula_internal_ipv6": false,
            "gateway_ipv4": "",
            "id": "projects/omega-presence-402013/global/networks/infrabundle-vpc",
            "internal_ipv6_range": "",
            "mtu": 0,
            "name": "infrabundle-vpc",
            "project": "omega-presence-402013",
            "routing_mode": "REGIONAL",
            "self_link": "https://www.googleapis.com/compute/v1/projects/omega-presence-402013/global/networks/infrabundle-vpc",
            "timeouts": null
          },
          "sensitive_attributes": [],
          "private": "eyJlMmJmYjczMC1lY2FhLTExZTYtOGY4OC0zNDM2M2JjN2M0YzAiOnsiY3JlYXRlIjoxMjAwMDAwMDAwMDAwLCJkZWxldGUiOjEyMDAwMDAwMDAwMDAsInVwZGF0ZSI6MTIwMDAwMDAwMDAwMH19"
        }
      ]
    },
    {
      "mode": "managed",
      "type": "google_compute_network_firewall_policy",
      "name": "project_vpc_fw",
      "provider": "provider[\"registry.terraform.io/hashicorp/google\"]",
      "instances": [
        {
          "schema_version": 0,
          "attributes": {
            "creation_timestamp": "2023-10-15T04:51:54.632-07:00",
            "description": "",
            "fingerprint": "-FLGUj-_M7A=",
            "id": "projects/omega-presence-402013/global/firewallPolicies/infrabundle-vpc-fw",
            "name": "infrabundle-vpc-fw",
            "network_firewall_policy_id": "7222798538634587317",
            "project": "omega-presence-402013",
            "rule_tuple_count": 13,
            "self_link": "https://www.googleapis.com/compute/v1/projects/omega-presence-402013/global/firewallPolicies/infrabundle-vpc-fw",
            "self_link_with_id": "https://www.googleapis.com/compute/v1/projects/omega-presence-402013/global/firewallPolicies/7222798538634587317",
            "timeouts": null
          },
          "sensitive_attributes": [],
          "private": "eyJlMmJmYjczMC1lY2FhLTExZTYtOGY4OC0zNDM2M2JjN2M0YzAiOnsiY3JlYXRlIjoxMjAwMDAwMDAwMDAwLCJkZWxldGUiOjEyMDAwMDAwMDAwMDAsInVwZGF0ZSI6MTIwMDAwMDAwMDAwMH19"
        }
      ]
    },
    {
      "mode": "managed",
      "type": "google_compute_network_firewall_policy_association",
      "name": "project_vpc_fw_association",
      "provider": "provider[\"registry.terraform.io/hashicorp/google\"]",
      "instances": [
        {
          "schema_version": 0,
          "attributes": {
            "attachment_target": "https://www.googleapis.com/compute/v1/projects/omega-presence-402013/global/networks/infrabundle-vpc",
            "firewall_policy": "infrabundle-vpc-fw",
            "id": "projects/omega-presence-402013/global/firewallPolicies/infrabundle-vpc-fw/associations/association",
            "name": "association",
            "project": "omega-presence-402013",
            "short_name": "",
            "timeouts": null
          },
          "sensitive_attributes": [],
          "private": "eyJlMmJmYjczMC1lY2FhLTExZTYtOGY4OC0zNDM2M2JjN2M0YzAiOnsiY3JlYXRlIjoxMjAwMDAwMDAwMDAwLCJkZWxldGUiOjEyMDAwMDAwMDAwMDB9fQ==",
          "dependencies": [
            "google_compute_network.project_vpc",
            "google_compute_network_firewall_policy.project_vpc_fw"
          ]
        }
      ]
    },
    {
      "mode": "managed",
      "type": "google_compute_network_firewall_policy_rule",
      "name": "ssh-http",
      "provider": "provider[\"registry.terraform.io/hashicorp/google\"]",
      "instances": [
        {
          "schema_version": 0,
          "attributes": {
            "action": "allow",
            "description": "",
            "direction": "INGRESS",
            "disabled": false,
            "enable_logging": false,
            "firewall_policy": "infrabundle-vpc-fw",
            "id": "projects/omega-presence-402013/global/firewallPolicies/infrabundle-vpc-fw/rules/65534",
            "kind": "compute#firewallPolicyRule",
            "match": [
              {
                "dest_ip_ranges": [],
                "layer4_configs": [
                  {
                    "ip_protocol": "tcp",
                    "ports": [
                      "22",
                      "80",
                      "443"
                    ]
                  }
                ],
                "src_ip_ranges": [
                  "0.0.0.0/0"
                ],
                "src_secure_tags": []
              }
            ],
            "priority": 65534,
            "project": "omega-presence-402013",
            "rule_name": "ssh-http",
            "rule_tuple_count": 5,
            "target_secure_tags": [],
            "target_service_accounts": [],
            "timeouts": null
          },
          "sensitive_attributes": [],
          "private": "eyJlMmJmYjczMC1lY2FhLTExZTYtOGY4OC0zNDM2M2JjN2M0YzAiOnsiY3JlYXRlIjoxMjAwMDAwMDAwMDAwLCJkZWxldGUiOjEyMDAwMDAwMDAwMDAsInVwZGF0ZSI6MTIwMDAwMDAwMDAwMH19",
          "dependencies": [
            "google_compute_network_firewall_policy.project_vpc_fw"
          ]
        }
      ]
    },
    {
      "mode": "managed",
      "type": "google_compute_subnetwork",
      "name": "project_subnet",
      "provider": "provider[\"registry.terraform.io/hashicorp/google\"]",
      "instances": [
        {
          "schema_version": 0,
          "attributes": {
            "creation_timestamp": "2023-10-15T04:52:06.944-07:00",
            "description": "",
            "external_ipv6_prefix": "",
            "fingerprint": null,
            "gateway_address": "10.0.1.1",
            "id": "projects/omega-presence-402013/regions/northamerica-northeast2/subnetworks/infrabundle-pub-subnet",
            "ip_cidr_range": "10.0.1.0/24",
            "ipv6_access_type": "",
            "ipv6_cidr_range": "",
            "log_config": [],
            "name": "infrabundle-pub-subnet",
            "network": "https://www.googleapis.com/compute/v1/projects/omega-presence-402013/global/networks/infrabundle-vpc",
            "private_ip_google_access": false,
            "private_ipv6_google_access": "DISABLE_GOOGLE_ACCESS",
            "project": "omega-presence-402013",
            "purpose": "PRIVATE",
            "region": "northamerica-northeast2",
            "role": "",
            "secondary_ip_range": [],
            "self_link": "https://www.googleapis.com/compute/v1/projects/omega-presence-402013/regions/northamerica-northeast2/subnetworks/infrabundle-pub-subnet",
            "stack_type": "IPV4_ONLY",
            "timeouts": null
          },
          "sensitive_attributes": [],
          "private": "eyJlMmJmYjczMC1lY2FhLTExZTYtOGY4OC0zNDM2M2JjN2M0YzAiOnsiY3JlYXRlIjoxMjAwMDAwMDAwMDAwLCJkZWxldGUiOjEyMDAwMDAwMDAwMDAsInVwZGF0ZSI6MTIwMDAwMDAwMDAwMH19",
          "dependencies": [
            "google_compute_network.project_vpc"
          ]
        }
      ]
    }
  ],
  "check_results": null
}
